# DO NOT EDIT MANUALLY - Managed by Fern Replay
version: "1.0"
generations:
  - commit_sha: 83d7568f475a507a99719efe78dba03a10c31c26
    tree_hash: 47ac700a192a8daabb6a1f602fe309ba3819d231
    timestamp: 2026-10-02T16:29:09.334Z
    cli_version: unknown
    generator_versions: {}
current_generation: 83d7568f475a507a99719efe78dba03a10c31c26
patches: []
