# DO NOT EDIT MANUALLY - Managed by Fern Replay
version: "1.0"
generations:
  - commit_sha: 83d7568f475a507a99719efe78dba03a10c31c26
    tree_hash: 47ac700a192a8daabb6a1f602fe309ba3819d231
    timestamp: 2026-10-02T16:29:09.334Z
    cli_version: unknown
    generator_versions: {}
  - commit_sha: 50d174b8d15d6624aa1c3c15dbcb88c813d7f706
    tree_hash: e525c38cc97a8a9c4f93646e781df7fd35d5f116
    timestamp: 2026-10-02T16:29:09.626Z
    cli_version: 0.66.0
    generator_versions:
      fernapi/fern-ruby-sdk: 0.9.0-rc2
current_generation: 50d174b8d15d6624aa1c3c15dbcb88c813d7f706
patches: []
